
Microsoft Visual Studio Solution File, Format Version 12.00
# Visual Studio 15
VisualStudioVersion = 15.0.28307.852
MinimumVisualStudioVersion = 10.0.40219.1
Project("{FAE04EC0-301F-11D3-BF4B-00C04F79EFBC}") = "test_quanlyduan", "test_quanlyduan\test_quanlyduan.csproj", "{2C346673-A102-4879-B91D-12F57DE25051}"
EndProject
Global
	GlobalSection(SolutionConfigurationPlatforms) = preSolution
		Debug|Any CPU = Debug|Any CPU
		Release|Any CPU = Release|Any CPU
	EndGlobalSection
	GlobalSection(ProjectConfigurationPlatforms) = postSolution
		{2C346673-A102-4879-B91D-12F57DE25051}.Debug|Any CPU.ActiveCfg = Debug|Any CPU
		{2C346673-A102-4879-B91D-12F57DE25051}.Debug|Any CPU.Build.0 = Debug|Any CPU
		{2C346673-A102-4879-B91D-12F57DE25051}.Release|Any CPU.ActiveCfg = Release|Any CPU
		{2C346673-A102-4879-B91D-12F57DE25051}.Release|Any CPU.Build.0 = Release|Any CPU
	EndGlobalSection
	GlobalSection(SolutionProperties) = preSolution
		HideSolutionNode = FALSE
	EndGlobalSection
	GlobalSection(ExtensibilityGlobals) = postSolution
		SolutionGuid = {85C0BB49-7B5A-4521-BAF4-25C00976BC6C}
	EndGlobalSection
EndGlobal
